
Microsoft Visual Studio Solution File, Format Version 12.00
# Visual Studio 15
VisualStudioVersion = 15.0.28307.1433
MinimumVisualStudioVersion = 10.0.40219.1
Project("{FAE04EC0-301F-11D3-BF4B-00C04F79EFBC}") = "SearchSystem", "SearchSystem\SearchSystem.csproj", "{CEB4496F-3626-4922-9E04-BC0EE17502AA}"
EndProject
Global
	GlobalSection(SolutionConfigurationPlatforms) = preSolution
		Debug|Any CPU = Debug|Any CPU
		Release|Any CPU = Release|Any CPU
	EndGlobalSection
	GlobalSection(ProjectConfigurationPlatforms) = postSolution
		{CEB4496F-3626-4922-9E04-BC0EE17502AA}.Debug|Any CPU.ActiveCfg = Debug|Any CPU
		{CEB4496F-3626-4922-9E04-BC0EE17502AA}.Debug|Any CPU.Build.0 = Debug|Any CPU
		{CEB4496F-3626-4922-9E04-BC0EE17502AA}.Release|Any CPU.ActiveCfg = Release|Any CPU
		{CEB4496F-3626-4922-9E04-BC0EE17502AA}.Release|Any CPU.Build.0 = Release|Any CPU
	EndGlobalSection
	GlobalSection(SolutionProperties) = preSolution
		HideSolutionNode = FALSE
	EndGlobalSection
	GlobalSection(ExtensibilityGlobals) = postSolution
		SolutionGuid = {F74372F4-2EB1-4720-98BA-6721D37B7671}
	EndGlobalSection
EndGlobal
